// !$*UTF8*$!
{
	archiveVersion = 1;
	classes = {
	};
	objectVersion = 50;
	objects = {

/* Begin PBXBuildFile section */
		239050E621CBBDCD00CDD6F1 /* AppDelegate.swift in Sources */ = {isa = PBXBuildFile; fileRef = 239050E521CBBDCD00CDD6F1 /* AppDelegate.swift */; };
		239050E821CBBDCD00CDD6F1 /* ViewController.swift in Sources */ = {isa = PBXBuildFile; fileRef = 239050E721CBBDCD00CDD6F1 /* ViewController.swift */; };
		239050EB21CBBDCD00CDD6F1 /* Main.storyboard in Resources */ = {isa = PBXBuildFile; fileRef = 239050E921CBBDCD00CDD6F1 /* Main.storyboard */; };
		239050ED21CBBDCE00CDD6F1 /* Assets.xcassets in Resources */ = {isa = PBXBuildFile; fileRef = 239050EC21CBBDCE00CDD6F1 /* Assets.xcassets */; };
		239050F021CBBDCE00CDD6F1 /* LaunchScreen.storyboard in Resources */ = {isa = PBXBuildFile; fileRef = 239050EE21CBBDCE00CDD6F1 /* LaunchScreen.storyboard */; };
		239050FB21CBBDCE00CDD6F1 /* SantanderTesteV2Tests.swift in Sources */ = {isa = PBXBuildFile; fileRef = 239050FA21CBBDCE00CDD6F1 /* SantanderTesteV2Tests.swift */; };
		2390510621CBBDCE00CDD6F1 /* SantanderTesteV2UITests.swift in Sources */ = {isa = PBXBuildFile; fileRef = 2390510521CBBDCE00CDD6F1 /* SantanderTesteV2UITests.swift */; };
		2390511421CBBE5300CDD6F1 /* README.md in Resources */ = {isa = PBXBuildFile; fileRef = 2390511321CBBE5300CDD6F1 /* README.md */; };
		967C62DDC6528D0D37F7B980 /* Pods_SantanderTesteV2.framework in Frameworks */ = {isa = PBXBuildFile; fileRef = BAD2248DCC360F81290ADD76 /* Pods_SantanderTesteV2.framework */; };
		EFFBAEB591E7983B85F932B8 /* Pods_SantanderTesteV2Tests.framework in Frameworks */ = {isa = PBXBuildFile; fileRef = 896186302B90F96F0991A405 /* Pods_SantanderTesteV2Tests.framework */; };
		FF46CBF2181F83BD494A6ADB /* Pods_SantanderTesteV2UITests.framework in Frameworks */ = {isa = PBXBuildFile; fileRef = 9A191C78D5AC26C35C589D31 /* Pods_SantanderTesteV2UITests.framework */; };
/* End PBXBuildFile section */

/* Begin PBXContainerItemProxy section */
		239050F721CBBDCE00CDD6F1 /* PBXContainerItemProxy */ = {
			isa = PBXContainerItemProxy;
			containerPortal = 239050DA21CBBDCD00CDD6F1 /* Project object */;
			proxyType = 1;
			remoteGlobalIDString = 239050E121CBBDCD00CDD6F1;
			remoteInfo = SantanderTesteV2;
		};
		2390510221CBBDCE00CDD6F1 /* PBXContainerItemProxy */ = {
			isa = PBXContainerItemProxy;
			containerPortal = 239050DA21CBBDCD00CDD6F1 /* Project object */;
			proxyType = 1;
			remoteGlobalIDString = 239050E121CBBDCD00CDD6F1;
			remoteInfo = SantanderTesteV2;
		};
/* End PBXContainerItemProxy section */

/* Begin PBXFileReference section */
		10F2EF3A7752D9CCE85915D9 /* Pods-SantanderTesteV2.debug.xcconfig */ = {isa = PBXFileReference; includeInIndex = 1; lastKnownFileType = text.xcconfig; name = "Pods-SantanderTesteV2.debug.xcconfig"; path = "Pods/Target Support Files/Pods-SantanderTesteV2/Pods-SantanderTesteV2.debug.xcconfig"; sourceTree = "<group>"; };
		1FE0C72802B81B51BF1F2285 /* Pods-SantanderTesteV2UITests.debug.xcconfig */ = {isa = PBXFileReference; includeInIndex = 1; lastKnownFileType = text.xcconfig; name = "Pods-SantanderTesteV2UITests.debug.xcconfig"; path = "Pods/Target Support Files/Pods-SantanderTesteV2UITests/Pods-SantanderTesteV2UITests.debug.xcconfig"; sourceTree = "<group>"; };
		239050E221CBBDCD00CDD6F1 /* SantanderTesteV2.app */ = {isa = PBXFileReference; explicitFileType = wrapper.application; includeInIndex = 0; path = SantanderTesteV2.app; sourceTree = BUILT_PRODUCTS_DIR; };
		239050E521CBBDCD00CDD6F1 /* AppDelegate.swift */ = {isa = PBXFileReference; lastKnownFileType = sourcecode.swift; path = AppDelegate.swift; sourceTree = "<group>"; };
		239050E721CBBDCD00CDD6F1 /* ViewController.swift */ = {isa = PBXFileReference; lastKnownFileType = sourcecode.swift; path = ViewController.swift; sourceTree = "<group>"; };
		239050EA21CBBDCD00CDD6F1 /* Base */ = {isa = PBXFileReference; lastKnownFileType = file.storyboard; name = Base; path = Base.lproj/Main.storyboard; sourceTree = "<group>"; };
		239050EC21CBBDCE00CDD6F1 /* Assets.xcassets */ = {isa = PBXFileReference; lastKnownFileType = folder.assetcatalog; path = Assets.xcassets; sourceTree = "<group>"; };
		239050EF21CBBDCE00CDD6F1 /* Base */ = {isa = PBXFileReference; lastKnownFileType = file.storyboard; name = Base; path = Base.lproj/LaunchScreen.storyboard; sourceTree = "<group>"; };
		239050F121CBBDCE00CDD6F1 /* Info.plist */ = {isa = PBXFileReference; lastKnownFileType = text.plist.xml; path = Info.plist; sourceTree = "<group>"; };
		239050F621CBBDCE00CDD6F1 /* SantanderTesteV2Tests.xctest */ = {isa = PBXFileReference; explicitFileType = wrapper.cfbundle; includeInIndex = 0; path = SantanderTesteV2Tests.xctest; sourceTree = BUILT_PRODUCTS_DIR; };
		239050FA21CBBDCE00CDD6F1 /* SantanderTesteV2Tests.swift */ = {isa = PBXFileReference; lastKnownFileType = sourcecode.swift; path = SantanderTesteV2Tests.swift; sourceTree = "<group>"; };
		239050FC21CBBDCE00CDD6F1 /* Info.plist */ = {isa = PBXFileReference; lastKnownFileType = text.plist.xml; path = Info.plist; sourceTree = "<group>"; };
		2390510121CBBDCE00CDD6F1 /* SantanderTesteV2UITests.xctest */ = {isa = PBXFileReference; explicitFileType = wrapper.cfbundle; includeInIndex = 0; path = SantanderTesteV2UITests.xctest; sourceTree = BUILT_PRODUCTS_DIR; };
		2390510521CBBDCE00CDD6F1 /* SantanderTesteV2UITests.swift */ = {isa = PBXFileReference; lastKnownFileType = sourcecode.swift; path = SantanderTesteV2UITests.swift; sourceTree = "<group>"; };
		2390510721CBBDCE00CDD6F1 /* Info.plist */ = {isa = PBXFileReference; lastKnownFileType = text.plist.xml; path = Info.plist; sourceTree = "<group>"; };
		2390511321CBBE5300CDD6F1 /* README.md */ = {isa = PBXFileReference; fileEncoding = 4; lastKnownFileType = net.daringfireball.markdown; path = README.md; sourceTree = "<group>"; };
		3E4168EA2C109E549DC0908D /* Pods-SantanderTesteV2.release.xcconfig */ = {isa = PBXFileReference; includeInIndex = 1; lastKnownFileType = text.xcconfig; name = "Pods-SantanderTesteV2.release.xcconfig"; path = "Pods/Target Support Files/Pods-SantanderTesteV2/Pods-SantanderTesteV2.release.xcconfig"; sourceTree = "<group>"; };
		6F157AE20BB7BC7E4E1FA1AD /* Pods-SantanderTesteV2Tests.release.xcconfig */ = {isa = PBXFileReference; includeInIndex = 1; lastKnownFileType = text.xcconfig; name = "Pods-SantanderTesteV2Tests.release.xcconfig"; path = "Pods/Target Support Files/Pods-SantanderTesteV2Tests/Pods-SantanderTesteV2Tests.release.xcconfig"; sourceTree = "<group>"; };
		6F5D84D30A5369A5AC61A711 /* Pods-SantanderTesteV2UITests.release.xcconfig */ = {isa = PBXFileReference; includeInIndex = 1; lastKnownFileType = text.xcconfig; name = "Pods-SantanderTesteV2UITests.release.xcconfig"; path = "Pods/Target Support Files/Pods-SantanderTesteV2UITests/Pods-SantanderTesteV2UITests.release.xcconfig"; sourceTree = "<group>"; };
		83B046E3C8FBCB8D513BC6A3 /* Pods-SantanderTesteV2Tests.debug.xcconfig */ = {isa = PBXFileReference; includeInIndex = 1; lastKnownFileType = text.xcconfig; name = "Pods-SantanderTesteV2Tests.debug.xcconfig"; path = "Pods/Target Support Files/Pods-SantanderTesteV2Tests/Pods-SantanderTesteV2Tests.debug.xcconfig"; sourceTree = "<group>"; };
		896186302B90F96F0991A405 /* Pods_SantanderTesteV2Tests.framework */ = {isa = PBXFileReference; explicitFileType = wrapper.framework; includeInIndex = 0; path = Pods_SantanderTesteV2Tests.framework; sourceTree = BUILT_PRODUCTS_DIR; };
		9A191C78D5AC26C35C589D31 /* Pods_SantanderTesteV2UITests.framework */ = {isa = PBXFileReference; explicitFileType = wrapper.framework; includeInIndex = 0; path = Pods_SantanderTesteV2UITests.framework; sourceTree = BUILT_PRODUCTS_DIR; };
		BAD2248DCC360F81290ADD76 /* Pods_SantanderTesteV2.framework */ = {isa = PBXFileReference; explicitFileType = wrapper.framework; includeInIndex = 0; path = Pods_SantanderTesteV2.framework; sourceTree = BUILT_PRODUCTS_DIR; };
/* End PBXFileReference section */

/* Begin PBXFrameworksBuildPhase section */
		239050DF21CBBDCD00CDD6F1 /* Frameworks */ = {
			isa = PBXFrameworksBuildPhase;
			buildActionMask = 2147483647;
			files = (
				967C62DDC6528D0D37F7B980 /* Pods_SantanderTesteV2.framework in Frameworks */,
			);
			runOnlyForDeploymentPostprocessing = 0;
		};
		239050F321CBBDCE00CDD6F1 /* Frameworks */ = {
			isa = PBXFrameworksBuildPhase;
			buildActionMask = 2147483647;
			files = (
				EFFBAEB591E7983B85F932B8 /* Pods_SantanderTesteV2Tests.framework in Frameworks */,
			);
			runOnlyForDeploymentPostprocessing = 0;
		};
		239050FE21CBBDCE00CDD6F1 /* Frameworks */ = {
			isa = PBXFrameworksBuildPhase;
			buildActionMask = 2147483647;
			files = (
				FF46CBF2181F83BD494A6ADB /* Pods_SantanderTesteV2UITests.framework in Frameworks */,
			);
			runOnlyForDeploymentPostprocessing = 0;
		};
/* End PBXFrameworksBuildPhase section */

/* Begin PBXGroup section */
		239050D921CBBDCD00CDD6F1 = {
			isa = PBXGroup;
			children = (
				2390511321CBBE5300CDD6F1 /* README.md */,
				239050E421CBBDCD00CDD6F1 /* SantanderTesteV2 */,
				239050F921CBBDCE00CDD6F1 /* SantanderTesteV2Tests */,
				2390510421CBBDCE00CDD6F1 /* SantanderTesteV2UITests */,
				239050E321CBBDCD00CDD6F1 /* Products */,
				605F8325BC15E2F7B3DF39CC /* Pods */,
				4B515E759B805B4DE38747E5 /* Frameworks */,
			);
			sourceTree = "<group>";
		};
		239050E321CBBDCD00CDD6F1 /* Products */ = {
			isa = PBXGroup;
			children = (
				239050E221CBBDCD00CDD6F1 /* SantanderTesteV2.app */,
				239050F621CBBDCE00CDD6F1 /* SantanderTesteV2Tests.xctest */,
				2390510121CBBDCE00CDD6F1 /* SantanderTesteV2UITests.xctest */,
			);
			name = Products;
			sourceTree = "<group>";
		};
		239050E421CBBDCD00CDD6F1 /* SantanderTesteV2 */ = {
			isa = PBXGroup;
			children = (
				2390511521CC078900CDD6F1 /* Scenes */,
				239050E521CBBDCD00CDD6F1 /* AppDelegate.swift */,
				239050E721CBBDCD00CDD6F1 /* ViewController.swift */,
				239050E921CBBDCD00CDD6F1 /* Main.storyboard */,
				239050EC21CBBDCE00CDD6F1 /* Assets.xcassets */,
				239050EE21CBBDCE00CDD6F1 /* LaunchScreen.storyboard */,
				239050F121CBBDCE00CDD6F1 /* Info.plist */,
			);
			path = SantanderTesteV2;
			sourceTree = "<group>";
		};
		239050F921CBBDCE00CDD6F1 /* SantanderTesteV2Tests */ = {
			isa = PBXGroup;
			children = (
				239050FA21CBBDCE00CDD6F1 /* SantanderTesteV2Tests.swift */,
				239050FC21CBBDCE00CDD6F1 /* Info.plist */,
			);
			path = SantanderTesteV2Tests;
			sourceTree = "<group>";
		};
		2390510421CBBDCE00CDD6F1 /* SantanderTesteV2UITests */ = {
			isa = PBXGroup;
			children = (
				2390510521CBBDCE00CDD6F1 /* SantanderTesteV2UITests.swift */,
				2390510721CBBDCE00CDD6F1 /* Info.plist */,
			);
			path = SantanderTesteV2UITests;
			sourceTree = "<group>";
		};
		2390511521CC078900CDD6F1 /* Scenes */ = {
			isa = PBXGroup;
			children = (
			);
			path = Scenes;
			sourceTree = "<group>";
		};
		4B515E759B805B4DE38747E5 /* Frameworks */ = {
			isa = PBXGroup;
			children = (
				BAD2248DCC360F81290ADD76 /* Pods_SantanderTesteV2.framework */,
				896186302B90F96F0991A405 /* Pods_SantanderTesteV2Tests.framework */,
				9A191C78D5AC26C35C589D31 /* Pods_SantanderTesteV2UITests.framework */,
			);
			name = Frameworks;
			sourceTree = "<group>";
		};
		605F8325BC15E2F7B3DF39CC /* Pods */ = {
			isa = PBXGroup;
			children = (
				10F2EF3A7752D9CCE85915D9 /* Pods-SantanderTesteV2.debug.xcconfig */,
				3E4168EA2C109E549DC0908D /* Pods-SantanderTesteV2.release.xcconfig */,
				83B046E3C8FBCB8D513BC6A3 /* Pods-SantanderTesteV2Tests.debug.xcconfig */,
				6F157AE20BB7BC7E4E1FA1AD /* Pods-SantanderTesteV2Tests.release.xcconfig */,
				1FE0C72802B81B51BF1F2285 /* Pods-SantanderTesteV2UITests.debug.xcconfig */,
				6F5D84D30A5369A5AC61A711 /* Pods-SantanderTesteV2UITests.release.xcconfig */,
			);
			name = Pods;
			sourceTree = "<group>";
		};
/* End PBXGroup section */

/* Begin PBXNativeTarget section */
		239050E121CBBDCD00CDD6F1 /* SantanderTesteV2 */ = {
			isa = PBXNativeTarget;
			buildConfigurationList = 2390510A21CBBDCE00CDD6F1 /* Build configuration list for PBXNativeTarget "SantanderTesteV2" */;
			buildPhases = (
				B80EECE84F457DD61F26DFD1 /* [CP] Check Pods Manifest.lock */,
				239050DE21CBBDCD00CDD6F1 /* Sources */,
				239050DF21CBBDCD00CDD6F1 /* Frameworks */,
				239050E021CBBDCD00CDD6F1 /* Resources */,
				508514900EBEB92251E2D6B2 /* [CP] Embed Pods Frameworks */,
			);
			buildRules = (
			);
			dependencies = (
			);
			name = SantanderTesteV2;
			productName = SantanderTesteV2;
			productReference = 239050E221CBBDCD00CDD6F1 /* SantanderTesteV2.app */;
			productType = "com.apple.product-type.application";
		};
		239050F521CBBDCE00CDD6F1 /* SantanderTesteV2Tests */ = {
			isa = PBXNativeTarget;
			buildConfigurationList = 2390510D21CBBDCE00CDD6F1 /* Build configuration list for PBXNativeTarget "SantanderTesteV2Tests" */;
			buildPhases = (
				C6AD35F054D0687401306BEC /* [CP] Check Pods Manifest.lock */,
				239050F221CBBDCE00CDD6F1 /* Sources */,
				239050F321CBBDCE00CDD6F1 /* Frameworks */,
				239050F421CBBDCE00CDD6F1 /* Resources */,
			);
			buildRules = (
			);
			dependencies = (
				239050F821CBBDCE00CDD6F1 /* PBXTargetDependency */,
			);
			name = SantanderTesteV2Tests;
			productName = SantanderTesteV2Tests;
			productReference = 239050F621CBBDCE00CDD6F1 /* SantanderTesteV2Tests.xctest */;
			productType = "com.apple.product-type.bundle.unit-test";
		};
		2390510021CBBDCE00CDD6F1 /* SantanderTesteV2UITests */ = {
			isa = PBXNativeTarget;
			buildConfigurationList = 2390511021CBBDCE00CDD6F1 /* Build configuration list for PBXNativeTarget "SantanderTesteV2UITests" */;
			buildPhases = (
				81B0E162E0126231B27548B9 /* [CP] Check Pods Manifest.lock */,
				239050FD21CBBDCE00CDD6F1 /* Sources */,
				239050FE21CBBDCE00CDD6F1 /* Frameworks */,
				239050FF21CBBDCE00CDD6F1 /* Resources */,
			);
			buildRules = (
			);
			dependencies = (
				2390510321CBBDCE00CDD6F1 /* PBXTargetDependency */,
			);
			name = SantanderTesteV2UITests;
			productName = SantanderTesteV2UITests;
			productReference = 2390510121CBBDCE00CDD6F1 /* SantanderTesteV2UITests.xctest */;
			productType = "com.apple.product-type.bundle.ui-testing";
		};
/* End PBXNativeTarget section */

/* Begin PBXProject section */
		239050DA21CBBDCD00CDD6F1 /* Project object */ = {
			isa = PBXProject;
			attributes = {
				LastSwiftUpdateCheck = 1010;
				LastUpgradeCheck = 1010;
				ORGANIZATIONNAME = ThiagoCenturion;
				TargetAttributes = {
					239050E121CBBDCD00CDD6F1 = {
						CreatedOnToolsVersion = 10.1;
					};
					239050F521CBBDCE00CDD6F1 = {
						CreatedOnToolsVersion = 10.1;
						TestTargetID = 239050E121CBBDCD00CDD6F1;
					};
					2390510021CBBDCE00CDD6F1 = {
						CreatedOnToolsVersion = 10.1;
						TestTargetID = 239050E121CBBDCD00CDD6F1;
					};
				};
			};
			buildConfigurationList = 239050DD21CBBDCD00CDD6F1 /* Build configuration list for PBXProject "SantanderTesteV2" */;
			compatibilityVersion = "Xcode 9.3";
			developmentRegion = en;
			hasScannedForEncodings = 0;
			knownRegions = (
				en,
				Base,
			);
			mainGroup = 239050D921CBBDCD00CDD6F1;
			productRefGroup = 239050E321CBBDCD00CDD6F1 /* Products */;
			projectDirPath = "";
			projectRoot = "";
			targets = (
				239050E121CBBDCD00CDD6F1 /* SantanderTesteV2 */,
				239050F521CBBDCE00CDD6F1 /* SantanderTesteV2Tests */,
				2390510021CBBDCE00CDD6F1 /* SantanderTesteV2UITests */,
			);
		};
/* End PBXProject section */

/* Begin PBXResourcesBuildPhase section */
		239050E021CBBDCD00CDD6F1 /* Resources */ = {
			isa = PBXResourcesBuildPhase;
			buildActionMask = 2147483647;
			files = (
				239050F021CBBDCE00CDD6F1 /* LaunchScreen.storyboard in Resources */,
				239050ED21CBBDCE00CDD6F1 /* Assets.xcassets in Resources */,
				2390511421CBBE5300CDD6F1 /* README.md in Resources */,
				239050EB21CBBDCD00CDD6F1 /* Main.storyboard in Resources */,
			);
			runOnlyForDeploymentPostprocessing = 0;
		};
		239050F421CBBDCE00CDD6F1 /* Resources */ = {
			isa = PBXResourcesBuildPhase;
			buildActionMask = 2147483647;
			files = (
			);
			runOnlyForDeploymentPostprocessing = 0;
		};
		239050FF21CBBDCE00CDD6F1 /* Resources */ = {
			isa = PBXResourcesBuildPhase;
			buildActionMask = 2147483647;
			files = (
			);
			runOnlyForDeploymentPostprocessing = 0;
		};
/* End PBXResourcesBuildPhase section */

/* Begin PBXShellScriptBuildPhase section */
		508514900EBEB92251E2D6B2 /* [CP] Embed Pods Frameworks */ = {
			isa = PBXShellScriptBuildPhase;
			buildActionMask = 2147483647;
			files = (
			);
			inputFileListPaths = (
			);
			inputPaths = (
				"${SRCROOT}/Pods/Target Support Files/Pods-SantanderTesteV2/Pods-SantanderTesteV2-frameworks.sh",
				"${BUILT_PRODUCTS_DIR}/Alamofire/Alamofire.framework",
			);
			name = "[CP] Embed Pods Frameworks";
			outputFileListPaths = (
			);
			outputPaths = (
				"${TARGET_BUILD_DIR}/${FRAMEWORKS_FOLDER_PATH}/Alamofire.framework",
			);
			runOnlyForDeploymentPostprocessing = 0;
			shellPath = /bin/sh;
			shellScript = "\"${SRCROOT}/Pods/Target Support Files/Pods-SantanderTesteV2/Pods-SantanderTesteV2-frameworks.sh\"\n";
			showEnvVarsInLog = 0;
		};
		81B0E162E0126231B27548B9 /* [CP] Check Pods Manifest.lock */ = {
			isa = PBXShellScriptBuildPhase;
			buildActionMask = 2147483647;
			files = (
			);
			inputFileListPaths = (
			);
			inputPaths = (
				"${PODS_PODFILE_DIR_PATH}/Podfile.lock",
				"${PODS_ROOT}/Manifest.lock",
			);
			name = "[CP] Check Pods Manifest.lock";
			outputFileListPaths = (
			);
			outputPaths = (
				"$(DERIVED_FILE_DIR)/Pods-SantanderTesteV2UITests-checkManifestLockResult.txt",
			);
			runOnlyForDeploymentPostprocessing = 0;
			shellPath = /bin/sh;
			shellScript = "diff \"${PODS_PODFILE_DIR_PATH}/Podfile.lock\" \"${PODS_ROOT}/Manifest.lock\" > /dev/null\nif [ $? != 0 ] ; then\n    # print error to STDERR\n    echo \"error: The sandbox is not in sync with the Podfile.lock. Run 'pod install' or update your CocoaPods installation.\" >&2\n    exit 1\nfi\n# This output is used by Xcode 'outputs' to avoid re-running this script phase.\necho \"SUCCESS\" > \"${SCRIPT_OUTPUT_FILE_0}\"\n";
			showEnvVarsInLog = 0;
		};
		B80EECE84F457DD61F26DFD1 /* [CP] Check Pods Manifest.lock */ = {
			isa = PBXShellScriptBuildPhase;
			buildActionMask = 2147483647;
			files = (
			);
			inputFileListPaths = (
			);
			inputPaths = (
				"${PODS_PODFILE_DIR_PATH}/Podfile.lock",
				"${PODS_ROOT}/Manifest.lock",
			);
			name = "[CP] Check Pods Manifest.lock";
			outputFileListPaths = (
			);
			outputPaths = (
				"$(DERIVED_FILE_DIR)/Pods-SantanderTesteV2-checkManifestLockResult.txt",
			);
			runOnlyForDeploymentPostprocessing = 0;
			shellPath = /bin/sh;
			shellScript = "diff \"${PODS_PODFILE_DIR_PATH}/Podfile.lock\" \"${PODS_ROOT}/Manifest.lock\" > /dev/null\nif [ $? != 0 ] ; then\n    # print error to STDERR\n    echo \"error: The sandbox is not in sync with the Podfile.lock. Run 'pod install' or update your CocoaPods installation.\" >&2\n    exit 1\nfi\n# This output is used by Xcode 'outputs' to avoid re-running this script phase.\necho \"SUCCESS\" > \"${SCRIPT_OUTPUT_FILE_0}\"\n";
			showEnvVarsInLog = 0;
		};
		C6AD35F054D0687401306BEC /* [CP] Check Pods Manifest.lock */ = {
			isa = PBXShellScriptBuildPhase;
			buildActionMask = 2147483647;
			files = (
			);
			inputFileListPaths = (
			);
			inputPaths = (
				"${PODS_PODFILE_DIR_PATH}/Podfile.lock",
				"${PODS_ROOT}/Manifest.lock",
			);
			name = "[CP] Check Pods Manifest.lock";
			outputFileListPaths = (
			);
			outputPaths = (
				"$(DERIVED_FILE_DIR)/Pods-SantanderTesteV2Tests-checkManifestLockResult.txt",
			);
			runOnlyForDeploymentPostprocessing = 0;
			shellPath = /bin/sh;
			shellScript = "diff \"${PODS_PODFILE_DIR_PATH}/Podfile.lock\" \"${PODS_ROOT}/Manifest.lock\" > /dev/null\nif [ $? != 0 ] ; then\n    # print error to STDERR\n    echo \"error: The sandbox is not in sync with the Podfile.lock. Run 'pod install' or update your CocoaPods installation.\" >&2\n    exit 1\nfi\n# This output is used by Xcode 'outputs' to avoid re-running this script phase.\necho \"SUCCESS\" > \"${SCRIPT_OUTPUT_FILE_0}\"\n";
			showEnvVarsInLog = 0;
		};
/* End PBXShellScriptBuildPhase section */

/* Begin PBXSourcesBuildPhase section */
		239050DE21CBBDCD00CDD6F1 /* Sources */ = {
			isa = PBXSourcesBuildPhase;
			buildActionMask = 2147483647;
			files = (
				239050E821CBBDCD00CDD6F1 /* ViewController.swift in Sources */,
				239050E621CBBDCD00CDD6F1 /* AppDelegate.swift in Sources */,
			);
			runOnlyForDeploymentPostprocessing = 0;
		};
		239050F221CBBDCE00CDD6F1 /* Sources */ = {
			isa = PBXSourcesBuildPhase;
			buildActionMask = 2147483647;
			files = (
				239050FB21CBBDCE00CDD6F1 /* SantanderTesteV2Tests.swift in Sources */,
			);
			runOnlyForDeploymentPostprocessing = 0;
		};
		239050FD21CBBDCE00CDD6F1 /* Sources */ = {
			isa = PBXSourcesBuildPhase;
			buildActionMask = 2147483647;
			files = (
				2390510621CBBDCE00CDD6F1 /* SantanderTesteV2UITests.swift in Sources */,
			);
			runOnlyForDeploymentPostprocessing = 0;
		};
/* End PBXSourcesBuildPhase section */

/* Begin PBXTargetDependency section */
		239050F821CBBDCE00CDD6F1 /* PBXTargetDependency */ = {
			isa = PBXTargetDependency;
			target = 239050E121CBBDCD00CDD6F1 /* SantanderTesteV2 */;
			targetProxy = 239050F721CBBDCE00CDD6F1 /* PBXContainerItemProxy */;
		};
		2390510321CBBDCE00CDD6F1 /* PBXTargetDependency */ = {
			isa = PBXTargetDependency;
			target = 239050E121CBBDCD00CDD6F1 /* SantanderTesteV2 */;
			targetProxy = 2390510221CBBDCE00CDD6F1 /* PBXContainerItemProxy */;
		};
/* End PBXTargetDependency section */

/* Begin PBXVariantGroup section */
		239050E921CBBDCD00CDD6F1 /* Main.storyboard */ = {
			isa = PBXVariantGroup;
			children = (
				239050EA21CBBDCD00CDD6F1 /* Base */,
			);
			name = Main.storyboard;
			sourceTree = "<group>";
		};
		239050EE21CBBDCE00CDD6F1 /* LaunchScreen.storyboard */ = {
			isa = PBXVariantGroup;
			children = (
				239050EF21CBBDCE00CDD6F1 /* Base */,
			);
			name = LaunchScreen.storyboard;
			sourceTree = "<group>";
		};
/* End PBXVariantGroup section */

/* Begin XCBuildConfiguration section */
		2390510821CBBDCE00CDD6F1 /* Debug */ = {
			isa = XCBuildConfiguration;
			buildSettings = {
				ALWAYS_SEARCH_USER_PATHS = NO;
				CLANG_ANALYZER_NONNULL = YES;
				CLANG_ANALYZER_NUMBER_OBJECT_CONVERSION = YES_AGGRESSIVE;
				CLANG_CXX_LANGUAGE_STANDARD = "gnu++14";
				CLANG_CXX_LIBRARY = "libc++";
				CLANG_ENABLE_MODULES = YES;
				CLANG_ENABLE_OBJC_ARC = YES;
				CLANG_ENABLE_OBJC_WEAK = YES;
				CLANG_WARN_BLOCK_CAPTURE_AUTORELEASING = YES;
				CLANG_WARN_BOOL_CONVERSION = YES;
				CLANG_WARN_COMMA = YES;
				CLANG_WARN_CONSTANT_CONVERSION = YES;
				CLANG_WARN_DEPRECATED_OBJC_IMPLEMENTATIONS = YES;
				CLANG_WARN_DIRECT_OBJC_ISA_USAGE = YES_ERROR;
				CLANG_WARN_DOCUMENTATION_COMMENTS = YES;
				CLANG_WARN_EMPTY_BODY = YES;
				CLANG_WARN_ENUM_CONVERSION = YES;
				CLANG_WARN_INFINITE_RECURSION = YES;
				CLANG_WARN_INT_CONVERSION = YES;
				CLANG_WARN_NON_LITERAL_NULL_CONVERSION = YES;
				CLANG_WARN_OBJC_IMPLICIT_RETAIN_SELF = YES;
				CLANG_WARN_OBJC_LITERAL_CONVERSION = YES;
				CLANG_WARN_OBJC_ROOT_CLASS = YES_ERROR;
				CLANG_WARN_RANGE_LOOP_ANALYSIS = YES;
				CLANG_WARN_STRICT_PROTOTYPES = YES;
				CLANG_WARN_SUSPICIOUS_MOVE = YES;
				CLANG_WARN_UNGUARDED_AVAILABILITY = YES_AGGRESSIVE;
				CLANG_WARN_UNREACHABLE_CODE = YES;
				CLANG_WARN__DUPLICATE_METHOD_MATCH = YES;
				CODE_SIGN_IDENTITY = "iPhone Developer";
				COPY_PHASE_STRIP = NO;
				DEBUG_INFORMATION_FORMAT = dwarf;
				ENABLE_STRICT_OBJC_MSGSEND = YES;
				ENABLE_TESTABILITY = YES;
				GCC_C_LANGUAGE_STANDARD = gnu11;
				GCC_DYNAMIC_NO_PIC = NO;
				GCC_NO_COMMON_BLOCKS = YES;
				GCC_OPTIMIZATION_LEVEL = 0;
				GCC_PREPROCESSOR_DEFINITIONS = (
					"DEBUG=1",
					"$(inherited)",
				);
				GCC_WARN_64_TO_32_BIT_CONVERSION = YES;
				GCC_WARN_ABOUT_RETURN_TYPE = YES_ERROR;
				GCC_WARN_UNDECLARED_SELECTOR = YES;
				GCC_WARN_UNINITIALIZED_AUTOS = YES_AGGRESSIVE;
				GCC_WARN_UNUSED_FUNCTION = YES;
				GCC_WARN_UNUSED_VARIABLE = YES;
				IPHONEOS_DEPLOYMENT_TARGET = 9.0;
				MTL_ENABLE_DEBUG_INFO = INCLUDE_SOURCE;
				MTL_FAST_MATH = YES;
				ONLY_ACTIVE_ARCH = YES;
				SDKROOT = iphoneos;
				SWIFT_ACTIVE_COMPILATION_CONDITIONS = DEBUG;
				SWIFT_OPTIMIZATION_LEVEL = "-Onone";
			};
			name = Debug;
		};
		2390510921CBBDCE00CDD6F1 /* Release */ = {
			isa = XCBuildConfiguration;
			buildSettings = {
				ALWAYS_SEARCH_USER_PATHS = NO;
				CLANG_ANALYZER_NONNULL = YES;
				CLANG_ANALYZER_NUMBER_OBJECT_CONVERSION = YES_AGGRESSIVE;
				CLANG_CXX_LANGUAGE_STANDARD = "gnu++14";
				CLANG_CXX_LIBRARY = "libc++";
				CLANG_ENABLE_MODULES = YES;
				CLANG_ENABLE_OBJC_ARC = YES;
				CLANG_ENABLE_OBJC_WEAK = YES;
				CLANG_WARN_BLOCK_CAPTURE_AUTORELEASING = YES;
				CLANG_WARN_BOOL_CONVERSION = YES;
				CLANG_WARN_COMMA = YES;
				CLANG_WARN_CONSTANT_CONVERSION = YES;
				CLANG_WARN_DEPRECATED_OBJC_IMPLEMENTATIONS = YES;
				CLANG_WARN_DIRECT_OBJC_ISA_USAGE = YES_ERROR;
				CLANG_WARN_DOCUMENTATION_COMMENTS = YES;
				CLANG_WARN_EMPTY_BODY = YES;
				CLANG_WARN_ENUM_CONVERSION = YES;
				CLANG_WARN_INFINITE_RECURSION = YES;
				CLANG_WARN_INT_CONVERSION = YES;
				CLANG_WARN_NON_LITERAL_NULL_CONVERSION = YES;
				CLANG_WARN_OBJC_IMPLICIT_RETAIN_SELF = YES;
				CLANG_WARN_OBJC_LITERAL_CONVERSION = YES;
				CLANG_WARN_OBJC_ROOT_CLASS = YES_ERROR;
				CLANG_WARN_RANGE_LOOP_ANALYSIS = YES;
				CLANG_WARN_STRICT_PROTOTYPES = YES;
				CLANG_WARN_SUSPICIOUS_MOVE = YES;
				CLANG_WARN_UNGUARDED_AVAILABILITY = YES_AGGRESSIVE;
				CLANG_WARN_UNREACHABLE_CODE = YES;
				CLANG_WARN__DUPLICATE_METHOD_MATCH = YES;
				CODE_SIGN_IDENTITY = "iPhone Developer";
				COPY_PHASE_STRIP = NO;
				DEBUG_INFORMATION_FORMAT = "dwarf-with-dsym";
				ENABLE_NS_ASSERTIONS = NO;
				ENABLE_STRICT_OBJC_MSGSEND = YES;
				GCC_C_LANGUAGE_STANDARD = gnu11;
				GCC_NO_COMMON_BLOCKS = YES;
				GCC_WARN_64_TO_32_BIT_CONVERSION = YES;
				GCC_WARN_ABOUT_RETURN_TYPE = YES_ERROR;
				GCC_WARN_UNDECLARED_SELECTOR = YES;
				GCC_WARN_UNINITIALIZED_AUTOS = YES_AGGRESSIVE;
				GCC_WARN_UNUSED_FUNCTION = YES;
				GCC_WARN_UNUSED_VARIABLE = YES;
				IPHONEOS_DEPLOYMENT_TARGET = 9.0;
				MTL_ENABLE_DEBUG_INFO = NO;
				MTL_FAST_MATH = YES;
				SDKROOT = iphoneos;
				SWIFT_COMPILATION_MODE = wholemodule;
				SWIFT_OPTIMIZATION_LEVEL = "-O";
				VALIDATE_PRODUCT = YES;
			};
			name = Release;
		};
		2390510B21CBBDCE00CDD6F1 /* Debug */ = {
			isa = XCBuildConfiguration;
			baseConfigurationReference = 10F2EF3A7752D9CCE85915D9 /* Pods-SantanderTesteV2.debug.xcconfig */;
			buildSettings = {
				ASSETCATALOG_COMPILER_APPICON_NAME = AppIcon;
				CODE_SIGN_STYLE = Automatic;
				DEVELOPMENT_TEAM = TTSKDZ455K;
				INFOPLIST_FILE = SantanderTesteV2/Info.plist;
				IPHONEOS_DEPLOYMENT_TARGET = 9.0;
				LD_RUNPATH_SEARCH_PATHS = (
					"$(inherited)",
					"@executable_path/Frameworks",
				);
				PRODUCT_BUNDLE_IDENTIFIER = com.thiagocenturion.SantanderTesteV2;
				PRODUCT_NAME = "$(TARGET_NAME)";
				SWIFT_VERSION = 4.2;
				TARGETED_DEVICE_FAMILY = "1,2";
			};
			name = Debug;
		};
		2390510C21CBBDCE00CDD6F1 /* Release */ = {
			isa = XCBuildConfiguration;
			baseConfigurationReference = 3E4168EA2C109E549DC0908D /* Pods-SantanderTesteV2.release.xcconfig */;
			buildSettings = {
				ASSETCATALOG_COMPILER_APPICON_NAME = AppIcon;
				CODE_SIGN_STYLE = Automatic;
				DEVELOPMENT_TEAM = TTSKDZ455K;
				INFOPLIST_FILE = SantanderTesteV2/Info.plist;
				IPHONEOS_DEPLOYMENT_TARGET = 9.0;
				LD_RUNPATH_SEARCH_PATHS = (
					"$(inherited)",
					"@executable_path/Frameworks",
				);
				PRODUCT_BUNDLE_IDENTIFIER = com.thiagocenturion.SantanderTesteV2;
				PRODUCT_NAME = "$(TARGET_NAME)";
				SWIFT_VERSION = 4.2;
				TARGETED_DEVICE_FAMILY = "1,2";
			};
			name = Release;
		};
		2390510E21CBBDCE00CDD6F1 /* Debug */ = {
			isa = XCBuildConfiguration;
			baseConfigurationReference = 83B046E3C8FBCB8D513BC6A3 /* Pods-SantanderTesteV2Tests.debug.xcconfig */;
			buildSettings = {
				ALWAYS_EMBED_SWIFT_STANDARD_LIBRARIES = YES;
				BUNDLE_LOADER = "$(TEST_HOST)";
				CODE_SIGN_STYLE = Automatic;
				DEVELOPMENT_TEAM = TTSKDZ455K;
				INFOPLIST_FILE = SantanderTesteV2Tests/Info.plist;
				LD_RUNPATH_SEARCH_PATHS = (
					"$(inherited)",
					"@executable_path/Frameworks",
					"@loader_path/Frameworks",
				);
				PRODUCT_BUNDLE_IDENTIFIER = com.thiagocenturion.SantanderTesteV2Tests;
				PRODUCT_NAME = "$(TARGET_NAME)";
				SWIFT_VERSION = 4.2;
				TARGETED_DEVICE_FAMILY = "1,2";
				TEST_HOST = "$(BUILT_PRODUCTS_DIR)/SantanderTesteV2.app/SantanderTesteV2";
			};
			name = Debug;
		};
		2390510F21CBBDCE00CDD6F1 /* Release */ = {
			isa = XCBuildConfiguration;
			baseConfigurationReference = 6F157AE20BB7BC7E4E1FA1AD /* Pods-SantanderTesteV2Tests.release.xcconfig */;
			buildSettings = {
				ALWAYS_EMBED_SWIFT_STANDARD_LIBRARIES = YES;
				BUNDLE_LOADER = "$(TEST_HOST)";
				CODE_SIGN_STYLE = Automatic;
				DEVELOPMENT_TEAM = TTSKDZ455K;
				INFOPLIST_FILE = SantanderTesteV2Tests/Info.plist;
				LD_RUNPATH_SEARCH_PATHS = (
					"$(inherited)",
					"@executable_path/Frameworks",
					"@loader_path/Frameworks",
				);
				PRODUCT_BUNDLE_IDENTIFIER = com.thiagocenturion.SantanderTesteV2Tests;
				PRODUCT_NAME = "$(TARGET_NAME)";
				SWIFT_VERSION = 4.2;
				TARGETED_DEVICE_FAMILY = "1,2";
				TEST_HOST = "$(BUILT_PRODUCTS_DIR)/SantanderTesteV2.app/SantanderTesteV2";
			};
			name = Release;
		};
		2390511121CBBDCE00CDD6F1 /* Debug */ = {
			isa = XCBuildConfiguration;
			baseConfigurationReference = 1FE0C72802B81B51BF1F2285 /* Pods-SantanderTesteV2UITests.debug.xcconfig */;
			buildSettings = {
				ALWAYS_EMBED_SWIFT_STANDARD_LIBRARIES = YES;
				CODE_SIGN_STYLE = Automatic;
				DEVELOPMENT_TEAM = TTSKDZ455K;
				INFOPLIST_FILE = SantanderTesteV2UITests/Info.plist;
				LD_RUNPATH_SEARCH_PATHS = (
					"$(inherited)",
					"@executable_path/Frameworks",
					"@loader_path/Frameworks",
				);
				PRODUCT_BUNDLE_IDENTIFIER = com.thiagocenturion.SantanderTesteV2UITests;
				PRODUCT_NAME = "$(TARGET_NAME)";
				SWIFT_VERSION = 4.2;
				TARGETED_DEVICE_FAMILY = "1,2";
				TEST_TARGET_NAME = SantanderTesteV2;
			};
			name = Debug;
		};
		2390511221CBBDCE00CDD6F1 /* Release */ = {
			isa = XCBuildConfiguration;
			baseConfigurationReference = 6F5D84D30A5369A5AC61A711 /* Pods-SantanderTesteV2UITests.release.xcconfig */;
			buildSettings = {
				ALWAYS_EMBED_SWIFT_STANDARD_LIBRARIES = YES;
				CODE_SIGN_STYLE = Automatic;
				DEVELOPMENT_TEAM = TTSKDZ455K;
				INFOPLIST_FILE = SantanderTesteV2UITests/Info.plist;
				LD_RUNPATH_SEARCH_PATHS = (
					"$(inherited)",
					"@executable_path/Frameworks",
					"@loader_path/Frameworks",
				);
				PRODUCT_BUNDLE_IDENTIFIER = com.thiagocenturion.SantanderTesteV2UITests;
				PRODUCT_NAME = "$(TARGET_NAME)";
				SWIFT_VERSION = 4.2;
				TARGETED_DEVICE_FAMILY = "1,2";
				TEST_TARGET_NAME = SantanderTesteV2;
			};
			name = Release;
		};
/* End XCBuildConfiguration section */

/* Begin XCConfigurationList section */
		239050DD21CBBDCD00CDD6F1 /* Build configuration list for PBXProject "SantanderTesteV2" */ = {
			isa = XCConfigurationList;
			buildConfigurations = (
				2390510821CBBDCE00CDD6F1 /* Debug */,
				2390510921CBBDCE00CDD6F1 /* Release */,
			);
			defaultConfigurationIsVisible = 0;
			defaultConfigurationName = Release;
		};
		2390510A21CBBDCE00CDD6F1 /* Build configuration list for PBXNativeTarget "SantanderTesteV2" */ = {
			isa = XCConfigurationList;
			buildConfigurations = (
				2390510B21CBBDCE00CDD6F1 /* Debug */,
				2390510C21CBBDCE00CDD6F1 /* Release */,
			);
			defaultConfigurationIsVisible = 0;
			defaultConfigurationName = Release;
		};
		2390510D21CBBDCE00CDD6F1 /* Build configuration list for PBXNativeTarget "SantanderTesteV2Tests" */ = {
			isa = XCConfigurationList;
			buildConfigurations = (
				2390510E21CBBDCE00CDD6F1 /* Debug */,
				2390510F21CBBDCE00CDD6F1 /* Release */,
			);
			defaultConfigurationIsVisible = 0;
			defaultConfigurationName = Release;
		};
		2390511021CBBDCE00CDD6F1 /* Build configuration list for PBXNativeTarget "SantanderTesteV2UITests" */ = {
			isa = XCConfigurationList;
			buildConfigurations = (
				2390511121CBBDCE00CDD6F1 /* Debug */,
				2390511221CBBDCE00CDD6F1 /* Release */,
			);
			defaultConfigurationIsVisible = 0;
			defaultConfigurationName = Release;
		};
/* End XCConfigurationList section */
	};
	rootObject = 239050DA21CBBDCD00CDD6F1 /* Project object */;
}
